
Microsoft Visual Studio Solution File, Format Version 12.00
# Visual Studio Version 17
VisualStudioVersion = 17.0.32014.148
MinimumVisualStudioVersion = 10.0.40219.1
Project("{FAE04EC0-301F-11D3-BF4B-00C04F79EFBC}") = "pruebaTecnicaMVC_wilson_saul", "pruebaTecnicaMVC_wilson_saul\pruebaTecnicaMVC_wilson_saul.csproj", "{42B1A264-CB8F-4C85-95D4-0F2CA8AE1888}"
EndProject
Global
	GlobalSection(SolutionConfigurationPlatforms) = preSolution
		Debug|Any CPU = Debug|Any CPU
		Release|Any CPU = Release|Any CPU
	EndGlobalSection
	GlobalSection(ProjectConfigurationPlatforms) = postSolution
		{42B1A264-CB8F-4C85-95D4-0F2CA8AE1888}.Debug|Any CPU.ActiveCfg = Debug|Any CPU
		{42B1A264-CB8F-4C85-95D4-0F2CA8AE1888}.Debug|Any CPU.Build.0 = Debug|Any CPU
		{42B1A264-CB8F-4C85-95D4-0F2CA8AE1888}.Release|Any CPU.ActiveCfg = Release|Any CPU
		{42B1A264-CB8F-4C85-95D4-0F2CA8AE1888}.Release|Any CPU.Build.0 = Release|Any CPU
	EndGlobalSection
	GlobalSection(SolutionProperties) = preSolution
		HideSolutionNode = FALSE
	EndGlobalSection
	GlobalSection(ExtensibilityGlobals) = postSolution
		SolutionGuid = {E67A6F04-6B55-487A-9E41-55BF64F1C44E}
	EndGlobalSection
EndGlobal
